
Microsoft Visual Studio Solution File, Format Version 12.00
# Visual Studio 2012
Project("{FAE04EC0-301F-11D3-BF4B-00C04F79EFBC}") = "areaoffield", "areaoffield\areaoffield.csproj", "{A9330127-C017-4752-AFB6-F52165AAB1ED}"
EndProject
Global
	GlobalSection(SolutionConfigurationPlatforms) = preSolution
		Debug|Any CPU = Debug|Any CPU
		Release|Any CPU = Release|Any CPU
	EndGlobalSection
	GlobalSection(ProjectConfigurationPlatforms) = postSolution
		{A9330127-C017-4752-AFB6-F52165AAB1ED}.Debug|Any CPU.ActiveCfg = Debug|Any CPU
		{A9330127-C017-4752-AFB6-F52165AAB1ED}.Debug|Any CPU.Build.0 = Debug|Any CPU
		{A9330127-C017-4752-AFB6-F52165AAB1ED}.Release|Any CPU.ActiveCfg = Release|Any CPU
		{A9330127-C017-4752-AFB6-F52165AAB1ED}.Release|Any CPU.Build.0 = Release|Any CPU
	EndGlobalSection
	GlobalSection(SolutionProperties) = preSolution
		HideSolutionNode = FALSE
	EndGlobalSection
EndGlobal
